// !$*UTF8*$!
{
	archiveVersion = 1;
	classes = {
	};
	objectVersion = 48;
	objects = {

/* Begin PBXBuildFile section */
		380EF26A1F96624C00250AB0 /* tests.cpp in Sources */ = {isa = PBXBuildFile; fileRef = 380EF2691F96624C00250AB0 /* tests.cpp */; };
		3872CA0B1FA27B8D00218813 /* main.cpp in Sources */ = {isa = PBXBuildFile; fileRef = 3872CA0A1FA27B8D00218813 /* main.cpp */; };
/* End PBXBuildFile section */

/* Begin PBXCopyFilesBuildPhase section */
		380EF2641F96624C00250AB0 /* CopyFiles */ = {
			isa = PBXCopyFilesBuildPhase;
			buildActionMask = 2147483647;
			dstPath = /usr/share/man/man1/;
			dstSubfolderSpec = 0;
			files = (
			);
			runOnlyForDeploymentPostprocessing = 1;
		};
/* End PBXCopyFilesBuildPhase section */

/* Begin PBXFileReference section */
		380EF2661F96624C00250AB0 /* kidney */ = {isa = PBXFileReference; explicitFileType = "compiled.mach-o.executable"; includeInIndex = 0; path = kidney; sourceTree = BUILT_PRODUCTS_DIR; };
		380EF2691F96624C00250AB0 /* tests.cpp */ = {isa = PBXFileReference; lastKnownFileType = sourcecode.cpp.cpp; path = tests.cpp; sourceTree = "<group>"; };
		380EF2721F9680A000250AB0 /* environment.hpp */ = {isa = PBXFileReference; lastKnownFileType = sourcecode.cpp.h; path = environment.hpp; sourceTree = "<group>"; };
		381430DB1F9FD92000A9FCF1 /* mcts.hpp */ = {isa = PBXFileReference; lastKnownFileType = sourcecode.cpp.h; path = mcts.hpp; sourceTree = "<group>"; };
		3872CA0A1FA27B8D00218813 /* main.cpp */ = {isa = PBXFileReference; lastKnownFileType = sourcecode.cpp.cpp; path = main.cpp; sourceTree = "<group>"; };
		3875191D1F9EC55C00E609B2 /* solver.hpp */ = {isa = PBXFileReference; lastKnownFileType = sourcecode.cpp.h; path = solver.hpp; sourceTree = "<group>"; };
/* End PBXFileReference section */

/* Begin PBXFrameworksBuildPhase section */
		380EF2631F96624C00250AB0 /* Frameworks */ = {
			isa = PBXFrameworksBuildPhase;
			buildActionMask = 2147483647;
			files = (
			);
			runOnlyForDeploymentPostprocessing = 0;
		};
/* End PBXFrameworksBuildPhase section */

/* Begin PBXGroup section */
		380EF25D1F96624C00250AB0 = {
			isa = PBXGroup;
			children = (
				380EF2681F96624C00250AB0 /* kidney */,
				380EF2671F96624C00250AB0 /* Products */,
			);
			sourceTree = "<group>";
		};
		380EF2671F96624C00250AB0 /* Products */ = {
			isa = PBXGroup;
			children = (
				380EF2661F96624C00250AB0 /* kidney */,
			);
			name = Products;
			sourceTree = "<group>";
		};
		380EF2681F96624C00250AB0 /* kidney */ = {
			isa = PBXGroup;
			children = (
				380EF2691F96624C00250AB0 /* tests.cpp */,
				3875191D1F9EC55C00E609B2 /* solver.hpp */,
				381430DB1F9FD92000A9FCF1 /* mcts.hpp */,
				380EF2721F9680A000250AB0 /* environment.hpp */,
				3872CA0A1FA27B8D00218813 /* main.cpp */,
			);
			path = kidney;
			sourceTree = "<group>";
		};
/* End PBXGroup section */

/* Begin PBXNativeTarget section */
		380EF2651F96624C00250AB0 /* kidney */ = {
			isa = PBXNativeTarget;
			buildConfigurationList = 380EF26D1F96624C00250AB0 /* Build configuration list for PBXNativeTarget "kidney" */;
			buildPhases = (
				380EF2621F96624C00250AB0 /* Sources */,
				380EF2631F96624C00250AB0 /* Frameworks */,
				380EF2641F96624C00250AB0 /* CopyFiles */,
			);
			buildRules = (
			);
			dependencies = (
			);
			name = kidney;
			productName = kidney;
			productReference = 380EF2661F96624C00250AB0 /* kidney */;
			productType = "com.apple.product-type.tool";
		};
/* End PBXNativeTarget section */

/* Begin PBXProject section */
		380EF25E1F96624C00250AB0 /* Project object */ = {
			isa = PBXProject;
			attributes = {
				LastUpgradeCheck = 0900;
				ORGANIZATIONNAME = halflearned;
				TargetAttributes = {
					380EF2651F96624C00250AB0 = {
						CreatedOnToolsVersion = 9.0;
					};
				};
			};
			buildConfigurationList = 380EF2611F96624C00250AB0 /* Build configuration list for PBXProject "kidney" */;
			compatibilityVersion = "Xcode 8.0";
			developmentRegion = en;
			hasScannedForEncodings = 0;
			knownRegions = (
				en,
			);
			mainGroup = 380EF25D1F96624C00250AB0;
			productRefGroup = 380EF2671F96624C00250AB0 /* Products */;
			projectDirPath = "";
			projectRoot = "";
			targets = (
				380EF2651F96624C00250AB0 /* kidney */,
			);
		};
/* End PBXProject section */

/* Begin PBXSourcesBuildPhase section */
		380EF2621F96624C00250AB0 /* Sources */ = {
			isa = PBXSourcesBuildPhase;
			buildActionMask = 2147483647;
			files = (
				3872CA0B1FA27B8D00218813 /* main.cpp in Sources */,
				380EF26A1F96624C00250AB0 /* tests.cpp in Sources */,
			);
			runOnlyForDeploymentPostprocessing = 0;
		};
/* End PBXSourcesBuildPhase section */

/* Begin XCBuildConfiguration section */
		380EF26B1F96624C00250AB0 /* Debug */ = {
			isa = XCBuildConfiguration;
			buildSettings = {
				ALWAYS_SEARCH_USER_PATHS = NO;
				CLANG_ANALYZER_NONNULL = YES;
				CLANG_ANALYZER_NUMBER_OBJECT_CONVERSION = YES_AGGRESSIVE;
				CLANG_CXX_LANGUAGE_STANDARD = "gnu++14";
				CLANG_CXX_LIBRARY = "libc++";
				CLANG_ENABLE_MODULES = YES;
				CLANG_ENABLE_OBJC_ARC = YES;
				CLANG_WARN_BLOCK_CAPTURE_AUTORELEASING = YES;
				CLANG_WARN_BOOL_CONVERSION = YES;
				CLANG_WARN_COMMA = YES;
				CLANG_WARN_CONSTANT_CONVERSION = YES;
				CLANG_WARN_DIRECT_OBJC_ISA_USAGE = YES_ERROR;
				CLANG_WARN_DOCUMENTATION_COMMENTS = YES;
				CLANG_WARN_EMPTY_BODY = YES;
				CLANG_WARN_ENUM_CONVERSION = YES;
				CLANG_WARN_INFINITE_RECURSION = YES;
				CLANG_WARN_INT_CONVERSION = YES;
				CLANG_WARN_NON_LITERAL_NULL_CONVERSION = YES;
				CLANG_WARN_OBJC_LITERAL_CONVERSION = YES;
				CLANG_WARN_OBJC_ROOT_CLASS = YES_ERROR;
				CLANG_WARN_RANGE_LOOP_ANALYSIS = YES;
				CLANG_WARN_STRICT_PROTOTYPES = YES;
				CLANG_WARN_SUSPICIOUS_MOVE = YES;
				CLANG_WARN_UNGUARDED_AVAILABILITY = YES_AGGRESSIVE;
				CLANG_WARN_UNREACHABLE_CODE = YES;
				CLANG_WARN__DUPLICATE_METHOD_MATCH = YES;
				CODE_SIGN_IDENTITY = "-";
				COPY_PHASE_STRIP = NO;
				DEBUG_INFORMATION_FORMAT = dwarf;
				ENABLE_STRICT_OBJC_MSGSEND = YES;
				ENABLE_TESTABILITY = YES;
				GCC_C_LANGUAGE_STANDARD = gnu11;
				GCC_DYNAMIC_NO_PIC = NO;
				GCC_NO_COMMON_BLOCKS = YES;
				GCC_OPTIMIZATION_LEVEL = 0;
				GCC_PREPROCESSOR_DEFINITIONS = (
					"DEBUG=1",
					"$(inherited)",
				);
				GCC_WARN_64_TO_32_BIT_CONVERSION = YES;
				GCC_WARN_ABOUT_RETURN_TYPE = YES_ERROR;
				GCC_WARN_UNDECLARED_SELECTOR = YES;
				GCC_WARN_UNINITIALIZED_AUTOS = YES_AGGRESSIVE;
				GCC_WARN_UNUSED_FUNCTION = YES;
				GCC_WARN_UNUSED_VARIABLE = YES;
				MACOSX_DEPLOYMENT_TARGET = 10.12;
				MTL_ENABLE_DEBUG_INFO = YES;
				ONLY_ACTIVE_ARCH = YES;
				SDKROOT = macosx;
			};
			name = Debug;
		};
		380EF26C1F96624C00250AB0 /* Release */ = {
			isa = XCBuildConfiguration;
			buildSettings = {
				ALWAYS_SEARCH_USER_PATHS = NO;
				CLANG_ANALYZER_NONNULL = YES;
				CLANG_ANALYZER_NUMBER_OBJECT_CONVERSION = YES_AGGRESSIVE;
				CLANG_CXX_LANGUAGE_STANDARD = "gnu++14";
				CLANG_CXX_LIBRARY = "libc++";
				CLANG_ENABLE_MODULES = YES;
				CLANG_ENABLE_OBJC_ARC = YES;
				CLANG_WARN_BLOCK_CAPTURE_AUTORELEASING = YES;
				CLANG_WARN_BOOL_CONVERSION = YES;
				CLANG_WARN_COMMA = YES;
				CLANG_WARN_CONSTANT_CONVERSION = YES;
				CLANG_WARN_DIRECT_OBJC_ISA_USAGE = YES_ERROR;
				CLANG_WARN_DOCUMENTATION_COMMENTS = YES;
				CLANG_WARN_EMPTY_BODY = YES;
				CLANG_WARN_ENUM_CONVERSION = YES;
				CLANG_WARN_INFINITE_RECURSION = YES;
				CLANG_WARN_INT_CONVERSION = YES;
				CLANG_WARN_NON_LITERAL_NULL_CONVERSION = YES;
				CLANG_WARN_OBJC_LITERAL_CONVERSION = YES;
				CLANG_WARN_OBJC_ROOT_CLASS = YES_ERROR;
				CLANG_WARN_RANGE_LOOP_ANALYSIS = YES;
				CLANG_WARN_STRICT_PROTOTYPES = YES;
				CLANG_WARN_SUSPICIOUS_MOVE = YES;
				CLANG_WARN_UNGUARDED_AVAILABILITY = YES_AGGRESSIVE;
				CLANG_WARN_UNREACHABLE_CODE = YES;
				CLANG_WARN__DUPLICATE_METHOD_MATCH = YES;
				CODE_SIGN_IDENTITY = "-";
				COPY_PHASE_STRIP = NO;
				DEBUG_INFORMATION_FORMAT = "dwarf-with-dsym";
				ENABLE_NS_ASSERTIONS = NO;
				ENABLE_STRICT_OBJC_MSGSEND = YES;
				GCC_C_LANGUAGE_STANDARD = gnu11;
				GCC_NO_COMMON_BLOCKS = YES;
				GCC_WARN_64_TO_32_BIT_CONVERSION = YES;
				GCC_WARN_ABOUT_RETURN_TYPE = YES_ERROR;
				GCC_WARN_UNDECLARED_SELECTOR = YES;
				GCC_WARN_UNINITIALIZED_AUTOS = YES_AGGRESSIVE;
				GCC_WARN_UNUSED_FUNCTION = YES;
				GCC_WARN_UNUSED_VARIABLE = YES;
				MACOSX_DEPLOYMENT_TARGET = 10.12;
				MTL_ENABLE_DEBUG_INFO = NO;
				SDKROOT = macosx;
			};
			name = Release;
		};
		380EF26E1F96624C00250AB0 /* Debug */ = {
			isa = XCBuildConfiguration;
			buildSettings = {
				CLANG_CXX_LANGUAGE_STANDARD = "c++17";
				CLANG_CXX_LIBRARY = "libc++";
				CLANG_USE_OPTIMIZATION_PROFILE = NO;
				EXCLUDED_SOURCE_FILE_NAMES = tests.cpp;
				GCC_FAST_MATH = YES;
				GCC_OPTIMIZATION_LEVEL = fast;
				GCC_THREADSAFE_STATICS = NO;
				HEADER_SEARCH_PATHS = (
					/usr/local/Cellar/boost/1.64.0_1/include,
					"/Users/vitorhadad/anaconda/include/range-v3/include",
					/Library/gurobi751/mac64/include,
					/Users/vitorhadad/anaconda/include,
					/Users/vitorhadad/anaconda/include/python3.5m,
					/usr/local/Cellar/sundials/2.7.0_2/include,
					/usr/local/Cellar/eigen/3.3.4/include/eigen3,
					/Users/vitorhadad/anaconda/include/math,
				);
				LIBRARY_SEARCH_PATHS = (
					/usr/local/Cellar/boost/1.64.0_1/lib,
					/Library/gurobi751/mac64/lib,
					/usr/local/Cellar/sundials/2.7.0_2/lib,
					/Users/vitorhadad/anaconda/lib,
				);
				OTHER_LDFLAGS = (
					"-lgurobi_c++",
					"-lgurobi75",
				);
				PRODUCT_NAME = "$(TARGET_NAME)";
			};
			name = Debug;
		};
		380EF26F1F96624C00250AB0 /* Release */ = {
			isa = XCBuildConfiguration;
			buildSettings = {
				CLANG_CXX_LANGUAGE_STANDARD = "c++17";
				CLANG_CXX_LIBRARY = "libc++";
				CLANG_USE_OPTIMIZATION_PROFILE = NO;
				EXCLUDED_SOURCE_FILE_NAMES = tests.cpp;
				GCC_FAST_MATH = YES;
				GCC_OPTIMIZATION_LEVEL = fast;
				GCC_THREADSAFE_STATICS = NO;
				HEADER_SEARCH_PATHS = (
					/usr/local/Cellar/boost/1.64.0_1/include,
					"/Users/vitorhadad/anaconda/include/range-v3/include",
					/Library/gurobi751/mac64/include,
					/Users/vitorhadad/anaconda/include,
					/Users/vitorhadad/anaconda/include/python3.5m,
					/usr/local/Cellar/sundials/2.7.0_2/include,
					/usr/local/Cellar/eigen/3.3.4/include/eigen3,
					/Users/vitorhadad/anaconda/include/math,
				);
				LIBRARY_SEARCH_PATHS = (
					/usr/local/Cellar/boost/1.64.0_1/lib,
					/Library/gurobi751/mac64/lib,
					/usr/local/Cellar/sundials/2.7.0_2/lib,
					/Users/vitorhadad/anaconda/lib,
				);
				OTHER_LDFLAGS = (
					"-lgurobi_c++",
					"-lgurobi75",
				);
				PRODUCT_NAME = "$(TARGET_NAME)";
			};
			name = Release;
		};
/* End XCBuildConfiguration section */

/* Begin XCConfigurationList section */
		380EF2611F96624C00250AB0 /* Build configuration list for PBXProject "kidney" */ = {
			isa = XCConfigurationList;
			buildConfigurations = (
				380EF26B1F96624C00250AB0 /* Debug */,
				380EF26C1F96624C00250AB0 /* Release */,
			);
			defaultConfigurationIsVisible = 0;
			defaultConfigurationName = Release;
		};
		380EF26D1F96624C00250AB0 /* Build configuration list for PBXNativeTarget "kidney" */ = {
			isa = XCConfigurationList;
			buildConfigurations = (
				380EF26E1F96624C00250AB0 /* Debug */,
				380EF26F1F96624C00250AB0 /* Release */,
			);
			defaultConfigurationIsVisible = 0;
			defaultConfigurationName = Release;
		};
/* End XCConfigurationList section */
	};
	rootObject = 380EF25E1F96624C00250AB0 /* Project object */;
}
